
Microsoft Visual Studio Solution File, Format Version 12.00
# Visual Studio Version 16
VisualStudioVersion = 16.0.30309.148
MinimumVisualStudioVersion = 10.0.40219.1
Project("{9A19103F-16F7-4668-BE54-9A1E7A4F7556}") = "thosch.Logging", "thosch.Logging\thosch.Logging.csproj", "{64D1BCD6-FB9F-4B44-A1E0-307F7E215F07}"
EndProject
Project("{9A19103F-16F7-4668-BE54-9A1E7A4F7556}") = "thosch.Logging.Tests", "thosch.Logging.Tests\thosch.Logging.Tests.csproj", "{AC1E68AA-0BB8-4F12-87A3-F5BA02127D2C}"
EndProject
Project("{2150E333-8FDC-42A3-9474-1A3956D46DE8}") = "SolutionItems", "SolutionItems", "{91A13B68-BE0D-40F3-9082-E1C9F36352CC}"
ProjectSection(SolutionItems) = preProject
	..\.gitignore = ..\.gitignore
	..\README.md = ..\README.md
	..\nuget.config = ..\nuget.config
EndProjectSection
EndProject
Global
	GlobalSection(SolutionConfigurationPlatforms) = preSolution
		Debug|Any CPU = Debug|Any CPU
		Release|Any CPU = Release|Any CPU
	EndGlobalSection
	GlobalSection(ProjectConfigurationPlatforms) = postSolution
		{64D1BCD6-FB9F-4B44-A1E0-307F7E215F07}.Debug|Any CPU.ActiveCfg = Debug|Any CPU
		{64D1BCD6-FB9F-4B44-A1E0-307F7E215F07}.Debug|Any CPU.Build.0 = Debug|Any CPU
		{64D1BCD6-FB9F-4B44-A1E0-307F7E215F07}.Release|Any CPU.ActiveCfg = Release|Any CPU
		{64D1BCD6-FB9F-4B44-A1E0-307F7E215F07}.Release|Any CPU.Build.0 = Release|Any CPU
		{AC1E68AA-0BB8-4F12-87A3-F5BA02127D2C}.Debug|Any CPU.ActiveCfg = Debug|Any CPU
		{AC1E68AA-0BB8-4F12-87A3-F5BA02127D2C}.Debug|Any CPU.Build.0 = Debug|Any CPU
		{AC1E68AA-0BB8-4F12-87A3-F5BA02127D2C}.Release|Any CPU.ActiveCfg = Release|Any CPU
		{AC1E68AA-0BB8-4F12-87A3-F5BA02127D2C}.Release|Any CPU.Build.0 = Release|Any CPU
	EndGlobalSection
	GlobalSection(SolutionProperties) = preSolution
		HideSolutionNode = FALSE
	EndGlobalSection
	GlobalSection(ExtensibilityGlobals) = postSolution
		SolutionGuid = {5DC7C46E-1D93-45EC-B6BE-13B332C9584B}
	EndGlobalSection
EndGlobal
